Microsoft Visual Studio Solution File, Format Version 12.00
# Visual Studio 2012
Project("{FAE04EC0-301F-11D3-BF4B-00C04F79EFBC}") = "desktop-playground", "desktop-playground.csproj", "{3C02EAE1-C6A4-4FC0-BF6B-510139AF250E}"
EndProject
Global
	GlobalSection(SolutionConfigurationPlatforms) = preSolution
	Debug|Any CPU = Debug|Any CPU
	ExportDebug|Any CPU = ExportDebug|Any CPU
	ExportRelease|Any CPU = ExportRelease|Any CPU
	EndGlobalSection
	GlobalSection(ProjectConfigurationPlatforms) = postSolution
		{3C02EAE1-C6A4-4FC0-BF6B-510139AF250E}.Debug|Any CPU.ActiveCfg = Debug|Any CPU
		{3C02EAE1-C6A4-4FC0-BF6B-510139AF250E}.Debug|Any CPU.Build.0 = Debug|Any CPU
		{3C02EAE1-C6A4-4FC0-BF6B-510139AF250E}.ExportDebug|Any CPU.ActiveCfg = ExportDebug|Any CPU
		{3C02EAE1-C6A4-4FC0-BF6B-510139AF250E}.ExportDebug|Any CPU.Build.0 = ExportDebug|Any CPU
		{3C02EAE1-C6A4-4FC0-BF6B-510139AF250E}.ExportRelease|Any CPU.ActiveCfg = ExportRelease|Any CPU
		{3C02EAE1-C6A4-4FC0-BF6B-510139AF250E}.ExportRelease|Any CPU.Build.0 = ExportRelease|Any CPU
	EndGlobalSection
EndGlobal
